
Microsoft Visual Studio Solution File, Format Version 12.00
# Visual Studio Version 16
VisualStudioVersion = 16.0.29709.97
MinimumVisualStudioVersion = 10.0.40219.1
Project("{8BC9CEB8-8B4A-11D0-8D11-00A0C91BC942}") = "sampleDriver", "driver\sampleDriver.vcxproj", "{89DB56D6-9A14-43D2-8C21-D74183984862}"
EndProject
Project("{8BC9CEB8-8B4A-11D0-8D11-00A0C91BC942}") = "filterDriver", "filterDriver\filterDriver.vcxproj", "{EC2266F0-28F5-485E-B2ED-158732FDC939}"
EndProject
Project("{8BC9CEB8-8B4A-11D0-8D11-00A0C91BC942}") = "LoadDriver", "LoadDriver\LoadDriver.vcxproj", "{AE3A04E4-3B79-40BF-B835-BDB2DE1129E8}"
EndProject
Project("{8BC9CEB8-8B4A-11D0-8D11-00A0C91BC942}") = "LoadDriver2", "LoadDriver2\LoadDriver2.vcxproj", "{9839BAB6-2C97-4C55-9006-43A591A208E0}"
EndProject
Project("{8BC9CEB8-8B4A-11D0-8D11-00A0C91BC942}") = "TestDriver", "TestDriver\TestDriver.vcxproj", "{6FC7A3E5-34C2-4850-9053-2780D23EF669}"
EndProject
Project("{8BC9CEB8-8B4A-11D0-8D11-00A0C91BC942}") = "TestDriver3", "TestDriver3\TestDriver3.vcxproj", "{02CBBFF5-0FAA-400F-882B-E5C1F09B6DED}"
EndProject
Project("{8BC9CEB8-8B4A-11D0-8D11-00A0C91BC942}") = "TestDriver2", "TestDriver2\TestDriver2.vcxproj", "{CDF5FBE1-FC6C-4418-9942-E219BE149DC1}"
EndProject
Global
	GlobalSection(SolutionConfigurationPlatforms) = preSolution
		Debug|ARM = Debug|ARM
		Debug|ARM64 = Debug|ARM64
		Debug|x64 = Debug|x64
		Debug|x86 = Debug|x86
		Release|ARM = Release|ARM
		Release|ARM64 = Release|ARM64
		Release|x64 = Release|x64
		Release|x86 = Release|x86
	EndGlobalSection
	GlobalSection(ProjectConfigurationPlatforms) = postSolution
		{89DB56D6-9A14-43D2-8C21-D74183984862}.Debug|ARM.ActiveCfg = Debug|ARM
		{89DB56D6-9A14-43D2-8C21-D74183984862}.Debug|ARM.Build.0 = Debug|ARM
		{89DB56D6-9A14-43D2-8C21-D74183984862}.Debug|ARM.Deploy.0 = Debug|ARM
		{89DB56D6-9A14-43D2-8C21-D74183984862}.Debug|ARM64.ActiveCfg = Debug|ARM64
		{89DB56D6-9A14-43D2-8C21-D74183984862}.Debug|ARM64.Build.0 = Debug|ARM64
		{89DB56D6-9A14-43D2-8C21-D74183984862}.Debug|ARM64.Deploy.0 = Debug|ARM64
		{89DB56D6-9A14-43D2-8C21-D74183984862}.Debug|x64.ActiveCfg = Debug|x64
		{89DB56D6-9A14-43D2-8C21-D74183984862}.Debug|x64.Build.0 = Debug|x64
		{89DB56D6-9A14-43D2-8C21-D74183984862}.Debug|x64.Deploy.0 = Debug|x64
		{89DB56D6-9A14-43D2-8C21-D74183984862}.Debug|x86.ActiveCfg = Debug|Win32
		{89DB56D6-9A14-43D2-8C21-D74183984862}.Debug|x86.Build.0 = Debug|Win32
		{89DB56D6-9A14-43D2-8C21-D74183984862}.Debug|x86.Deploy.0 = Debug|Win32
		{89DB56D6-9A14-43D2-8C21-D74183984862}.Release|ARM.ActiveCfg = Release|ARM
		{89DB56D6-9A14-43D2-8C21-D74183984862}.Release|ARM.Build.0 = Release|ARM
		{89DB56D6-9A14-43D2-8C21-D74183984862}.Release|ARM.Deploy.0 = Release|ARM
		{89DB56D6-9A14-43D2-8C21-D74183984862}.Release|ARM64.ActiveCfg = Release|ARM64
		{89DB56D6-9A14-43D2-8C21-D74183984862}.Release|ARM64.Build.0 = Release|ARM64
		{89DB56D6-9A14-43D2-8C21-D74183984862}.Release|ARM64.Deploy.0 = Release|ARM64
		{89DB56D6-9A14-43D2-8C21-D74183984862}.Release|x64.ActiveCfg = Release|x64
		{89DB56D6-9A14-43D2-8C21-D74183984862}.Release|x64.Build.0 = Release|x64
		{89DB56D6-9A14-43D2-8C21-D74183984862}.Release|x64.Deploy.0 = Release|x64
		{89DB56D6-9A14-43D2-8C21-D74183984862}.Release|x86.ActiveCfg = Release|Win32
		{89DB56D6-9A14-43D2-8C21-D74183984862}.Release|x86.Build.0 = Release|Win32
		{89DB56D6-9A14-43D2-8C21-D74183984862}.Release|x86.Deploy.0 = Release|Win32
		{EC2266F0-28F5-485E-B2ED-158732FDC939}.Debug|ARM.ActiveCfg = Debug|ARM
		{EC2266F0-28F5-485E-B2ED-158732FDC939}.Debug|ARM.Build.0 = Debug|ARM
		{EC2266F0-28F5-485E-B2ED-158732FDC939}.Debug|ARM.Deploy.0 = Debug|ARM
		{EC2266F0-28F5-485E-B2ED-158732FDC939}.Debug|ARM64.ActiveCfg = Debug|ARM64
		{EC2266F0-28F5-485E-B2ED-158732FDC939}.Debug|ARM64.Build.0 = Debug|ARM64
		{EC2266F0-28F5-485E-B2ED-158732FDC939}.Debug|ARM64.Deploy.0 = Debug|ARM64
		{EC2266F0-28F5-485E-B2ED-158732FDC939}.Debug|x64.ActiveCfg = Debug|x64
		{EC2266F0-28F5-485E-B2ED-158732FDC939}.Debug|x64.Build.0 = Debug|x64
		{EC2266F0-28F5-485E-B2ED-158732FDC939}.Debug|x64.Deploy.0 = Debug|x64
		{EC2266F0-28F5-485E-B2ED-158732FDC939}.Debug|x86.ActiveCfg = Debug|Win32
		{EC2266F0-28F5-485E-B2ED-158732FDC939}.Debug|x86.Build.0 = Debug|Win32
		{EC2266F0-28F5-485E-B2ED-158732FDC939}.Debug|x86.Deploy.0 = Debug|Win32
		{EC2266F0-28F5-485E-B2ED-158732FDC939}.Release|ARM.ActiveCfg = Release|ARM
		{EC2266F0-28F5-485E-B2ED-158732FDC939}.Release|ARM.Build.0 = Release|ARM
		{EC2266F0-28F5-485E-B2ED-158732FDC939}.Release|ARM.Deploy.0 = Release|ARM
		{EC2266F0-28F5-485E-B2ED-158732FDC939}.Release|ARM64.ActiveCfg = Release|ARM64
		{EC2266F0-28F5-485E-B2ED-158732FDC939}.Release|ARM64.Build.0 = Release|ARM64
		{EC2266F0-28F5-485E-B2ED-158732FDC939}.Release|ARM64.Deploy.0 = Release|ARM64
		{EC2266F0-28F5-485E-B2ED-158732FDC939}.Release|x64.ActiveCfg = Release|x64
		{EC2266F0-28F5-485E-B2ED-158732FDC939}.Release|x64.Build.0 = Release|x64
		{EC2266F0-28F5-485E-B2ED-158732FDC939}.Release|x64.Deploy.0 = Release|x64
		{EC2266F0-28F5-485E-B2ED-158732FDC939}.Release|x86.ActiveCfg = Release|Win32
		{EC2266F0-28F5-485E-B2ED-158732FDC939}.Release|x86.Build.0 = Release|Win32
		{EC2266F0-28F5-485E-B2ED-158732FDC939}.Release|x86.Deploy.0 = Release|Win32
		{AE3A04E4-3B79-40BF-B835-BDB2DE1129E8}.Debug|ARM.ActiveCfg = Debug|Win32
		{AE3A04E4-3B79-40BF-B835-BDB2DE1129E8}.Debug|ARM64.ActiveCfg = Debug|Win32
		{AE3A04E4-3B79-40BF-B835-BDB2DE1129E8}.Debug|x64.ActiveCfg = Debug|x64
		{AE3A04E4-3B79-40BF-B835-BDB2DE1129E8}.Debug|x64.Build.0 = Debug|x64
		{AE3A04E4-3B79-40BF-B835-BDB2DE1129E8}.Debug|x86.ActiveCfg = Debug|Win32
		{AE3A04E4-3B79-40BF-B835-BDB2DE1129E8}.Debug|x86.Build.0 = Debug|Win32
		{AE3A04E4-3B79-40BF-B835-BDB2DE1129E8}.Release|ARM.ActiveCfg = Release|Win32
		{AE3A04E4-3B79-40BF-B835-BDB2DE1129E8}.Release|ARM64.ActiveCfg = Release|Win32
		{AE3A04E4-3B79-40BF-B835-BDB2DE1129E8}.Release|x64.ActiveCfg = Release|x64
		{AE3A04E4-3B79-40BF-B835-BDB2DE1129E8}.Release|x64.Build.0 = Release|x64
		{AE3A04E4-3B79-40BF-B835-BDB2DE1129E8}.Release|x86.ActiveCfg = Release|Win32
		{AE3A04E4-3B79-40BF-B835-BDB2DE1129E8}.Release|x86.Build.0 = Release|Win32
		{9839BAB6-2C97-4C55-9006-43A591A208E0}.Debug|ARM.ActiveCfg = Debug|Win32
		{9839BAB6-2C97-4C55-9006-43A591A208E0}.Debug|ARM64.ActiveCfg = Debug|Win32
		{9839BAB6-2C97-4C55-9006-43A591A208E0}.Debug|x64.ActiveCfg = Debug|x64
		{9839BAB6-2C97-4C55-9006-43A591A208E0}.Debug|x64.Build.0 = Debug|x64
		{9839BAB6-2C97-4C55-9006-43A591A208E0}.Debug|x86.ActiveCfg = Debug|Win32
		{9839BAB6-2C97-4C55-9006-43A591A208E0}.Debug|x86.Build.0 = Debug|Win32
		{9839BAB6-2C97-4C55-9006-43A591A208E0}.Release|ARM.ActiveCfg = Release|Win32
		{9839BAB6-2C97-4C55-9006-43A591A208E0}.Release|ARM64.ActiveCfg = Release|Win32
		{9839BAB6-2C97-4C55-9006-43A591A208E0}.Release|x64.ActiveCfg = Release|x64
		{9839BAB6-2C97-4C55-9006-43A591A208E0}.Release|x64.Build.0 = Release|x64
		{9839BAB6-2C97-4C55-9006-43A591A208E0}.Release|x86.ActiveCfg = Release|Win32
		{9839BAB6-2C97-4C55-9006-43A591A208E0}.Release|x86.Build.0 = Release|Win32
		{6FC7A3E5-34C2-4850-9053-2780D23EF669}.Debug|ARM.ActiveCfg = Debug|Win32
		{6FC7A3E5-34C2-4850-9053-2780D23EF669}.Debug|ARM64.ActiveCfg = Debug|Win32
		{6FC7A3E5-34C2-4850-9053-2780D23EF669}.Debug|x64.ActiveCfg = Debug|x64
		{6FC7A3E5-34C2-4850-9053-2780D23EF669}.Debug|x64.Build.0 = Debug|x64
		{6FC7A3E5-34C2-4850-9053-2780D23EF669}.Debug|x86.ActiveCfg = Debug|Win32
		{6FC7A3E5-34C2-4850-9053-2780D23EF669}.Debug|x86.Build.0 = Debug|Win32
		{6FC7A3E5-34C2-4850-9053-2780D23EF669}.Release|ARM.ActiveCfg = Release|Win32
		{6FC7A3E5-34C2-4850-9053-2780D23EF669}.Release|ARM64.ActiveCfg = Release|Win32
		{6FC7A3E5-34C2-4850-9053-2780D23EF669}.Release|x64.ActiveCfg = Release|x64
		{6FC7A3E5-34C2-4850-9053-2780D23EF669}.Release|x64.Build.0 = Release|x64
		{6FC7A3E5-34C2-4850-9053-2780D23EF669}.Release|x86.ActiveCfg = Release|Win32
		{6FC7A3E5-34C2-4850-9053-2780D23EF669}.Release|x86.Build.0 = Release|Win32
		{02CBBFF5-0FAA-400F-882B-E5C1F09B6DED}.Debug|ARM.ActiveCfg = Debug|Win32
		{02CBBFF5-0FAA-400F-882B-E5C1F09B6DED}.Debug|ARM64.ActiveCfg = Debug|Win32
		{02CBBFF5-0FAA-400F-882B-E5C1F09B6DED}.Debug|x64.ActiveCfg = Debug|x64
		{02CBBFF5-0FAA-400F-882B-E5C1F09B6DED}.Debug|x64.Build.0 = Debug|x64
		{02CBBFF5-0FAA-400F-882B-E5C1F09B6DED}.Debug|x86.ActiveCfg = Debug|Win32
		{02CBBFF5-0FAA-400F-882B-E5C1F09B6DED}.Debug|x86.Build.0 = Debug|Win32
		{02CBBFF5-0FAA-400F-882B-E5C1F09B6DED}.Release|ARM.ActiveCfg = Release|Win32
		{02CBBFF5-0FAA-400F-882B-E5C1F09B6DED}.Release|ARM64.ActiveCfg = Release|Win32
		{02CBBFF5-0FAA-400F-882B-E5C1F09B6DED}.Release|x64.ActiveCfg = Release|x64
		{02CBBFF5-0FAA-400F-882B-E5C1F09B6DED}.Release|x64.Build.0 = Release|x64
		{02CBBFF5-0FAA-400F-882B-E5C1F09B6DED}.Release|x86.ActiveCfg = Release|Win32
		{02CBBFF5-0FAA-400F-882B-E5C1F09B6DED}.Release|x86.Build.0 = Release|Win32
		{CDF5FBE1-FC6C-4418-9942-E219BE149DC1}.Debug|ARM.ActiveCfg = Debug|Win32
		{CDF5FBE1-FC6C-4418-9942-E219BE149DC1}.Debug|ARM64.ActiveCfg = Debug|Win32
		{CDF5FBE1-FC6C-4418-9942-E219BE149DC1}.Debug|x64.ActiveCfg = Debug|x64
		{CDF5FBE1-FC6C-4418-9942-E219BE149DC1}.Debug|x64.Build.0 = Debug|x64
		{CDF5FBE1-FC6C-4418-9942-E219BE149DC1}.Debug|x86.ActiveCfg = Debug|Win32
		{CDF5FBE1-FC6C-4418-9942-E219BE149DC1}.Debug|x86.Build.0 = Debug|Win32
		{CDF5FBE1-FC6C-4418-9942-E219BE149DC1}.Release|ARM.ActiveCfg = Release|Win32
		{CDF5FBE1-FC6C-4418-9942-E219BE149DC1}.Release|ARM64.ActiveCfg = Release|Win32
		{CDF5FBE1-FC6C-4418-9942-E219BE149DC1}.Release|x64.ActiveCfg = Release|x64
		{CDF5FBE1-FC6C-4418-9942-E219BE149DC1}.Release|x64.Build.0 = Release|x64
		{CDF5FBE1-FC6C-4418-9942-E219BE149DC1}.Release|x86.ActiveCfg = Release|Win32
		{CDF5FBE1-FC6C-4418-9942-E219BE149DC1}.Release|x86.Build.0 = Release|Win32
	EndGlobalSection
	GlobalSection(SolutionProperties) = preSolution
		HideSolutionNode = FALSE
	EndGlobalSection
	GlobalSection(ExtensibilityGlobals) = postSolution
		SolutionGuid = {1E1AAD2F-08D1-4424-A1D1-2A2381CFC81A}
	EndGlobalSection
EndGlobal
